
Microsoft Visual Studio Solution File, Format Version 12.00
# Visual Studio Version 17
VisualStudioVersion = 17.5.33424.131
MinimumVisualStudioVersion = 10.0.40219.1
Project("{FAE04EC0-301F-11D3-BF4B-00C04F79EFBC}") = "Date Class", "Date Class\Date Class.csproj", "{784B24A8-C8AC-46E8-9116-94E85E639748}"
EndProject
Global
	GlobalSection(SolutionConfigurationPlatforms) = preSolution
		Debug|Any CPU = Debug|Any CPU
		Release|Any CPU = Release|Any CPU
	EndGlobalSection
	GlobalSection(ProjectConfigurationPlatforms) = postSolution
		{784B24A8-C8AC-46E8-9116-94E85E639748}.Debug|Any CPU.ActiveCfg = Debug|Any CPU
		{784B24A8-C8AC-46E8-9116-94E85E639748}.Debug|Any CPU.Build.0 = Debug|Any CPU
		{784B24A8-C8AC-46E8-9116-94E85E639748}.Release|Any CPU.ActiveCfg = Release|Any CPU
		{784B24A8-C8AC-46E8-9116-94E85E639748}.Release|Any CPU.Build.0 = Release|Any CPU
	EndGlobalSection
	GlobalSection(SolutionProperties) = preSolution
		HideSolutionNode = FALSE
	EndGlobalSection
	GlobalSection(ExtensibilityGlobals) = postSolution
		SolutionGuid = {3BA7722D-5EBF-4595-B850-B4309A9606DC}
	EndGlobalSection
EndGlobal
